{
  "originHash" : "51436a16b950f14ad6c59f6ac6ed8a18b84e75e0d412cc195a57d8b6738c5547",
  "pins" : [
    {
      "identity" : "euclid",
      "kind" : "remoteSourceControl",
      "location" : "git@github.com:nicklockwood/Euclid.git",
      "state" : {
        "branch" : "main",
        "revision" : "82fb502ddb03d1e16b6343d0a1dab1a8028539e8"
      }
    }
  ],
  "version" : 3
}
