{
  "originHash" : "3c61a7e2d45d50386f57ea6929c0c82e921446c8d0d48cc178e4f2831ba9b832",
  "pins" : [
    {
      "identity" : "euclid",
      "kind" : "remoteSourceControl",
      "location" : "git@github.com:nicklockwood/Euclid.git",
      "state" : {
        "branch" : "main",
        "revision" : "82fb502ddb03d1e16b6343d0a1dab1a8028539e8"
      }
    }
  ],
  "version" : 3
}
